{
  "name": "bin-link-test",
  "version": "1.0.0",
  "lockfileVersion": 2,
  "requires": true,
  "packages": {
    "": {
      "name": "bin-link-test",
      "version": "1.0.0",
      "license": "MIT",
      "workspaces": [
        "packages/*"
      ]
    },
    "node_modules/bin-link-test": {
      "resolved": "packages/a",
      "link": true
    },
    "packages/a": {
      "name": "bin-link-test",
      "version": "1.0.0",
      "license": "MIT",
      "workspaces": [
        "packages/*"
      ],
      "bin": {
        "run-a": "run.sh"
      }
    }
  },
  "dependencies": {
    "bin-link-test": {
      "version": "file:packages/a"
    }
  }
}
